{
  "name": "webpack",
  "version": "1.0.0",
  "lockfileVersion": 1,
  "requires": true,
  "dependencies": {
    "@types/json-schema": {
      "version": "7.0.6",
      "resolved": "https://registry.npm.taobao.org/@types/json-schema/download/@types/json-schema-7.0.6.tgz",
      "integrity": "sha1-9MfsQ+gbMZqYFRFQMXCfJph4kfA=",
      "dev": true
    },
    "ajv": {
      "version": "6.12.6",
      "resolved": "https://registry.npm.taobao.org/ajv/download/ajv-6.12.6.tgz?cache=0&sync_timestamp=1602353715225&other_urls=https%3A%2F%2Fregistry.npm.taobao.org%2Fajv%2Fdownload%2Fajv-6.12.6.tgz",
      "integrity": "sha1-uvWmLoArB9l3A0WG+MO69a3ybfQ=",
      "dev": true,
      "requires": {
        "fast-deep-equal": "^3.1.1",
        "fast-json-stable-stringify": "^2.0.0",
        "json-schema-traverse": "^0.4.1",
        "uri-js": "^4.2.2"
      },
      "dependencies": {
        "fast-deep-equal": {
          "version": "3.1.3",
          "resolved": "https://registry.npm.taobao.org/fast-deep-equal/download/fast-deep-equal-3.1.3.tgz",
          "integrity": "sha1-On1WtVnWy8PrUSMlJE5hmmXGxSU=",
          "dev": true
        },
        "fast-json-stable-stringify": {
          "version": "2.1.0",
          "resolved": "https://registry.npm.taobao.org/fast-json-stable-stringify/download/fast-json-stable-stringify-2.1.0.tgz",
          "integrity": "sha1-h0v2nG9ATCtdmcSBNBOZ/VWJJjM=",
          "dev": true
        },
        "json-schema-traverse": {
          "version": "0.4.1",
          "resolved": "https://registry.npm.taobao.org/json-schema-traverse/download/json-schema-traverse-0.4.1.tgz?cache=0&sync_timestamp=1599333856086&other_urls=https%3A%2F%2Fregistry.npm.taobao.org%2Fjson-schema-traverse%2Fdownload%2Fjson-schema-traverse-0.4.1.tgz",
          "integrity": "sha1-afaofZUTq4u4/mO9sJecRI5oRmA=",
          "dev": true
        },
        "uri-js": {
          "version": "4.4.0",
          "resolved": "https://registry.npm.taobao.org/uri-js/download/uri-js-4.4.0.tgz?cache=0&sync_timestamp=1598814377097&other_urls=https%3A%2F%2Fregistry.npm.taobao.org%2Furi-js%2Fdownload%2Furi-js-4.4.0.tgz",
          "integrity": "sha1-qnFCYd55PoqCNHp7zJznTobyhgI=",
          "dev": true,
          "requires": {
            "punycode": "^2.1.0"
          }
        }
      }
    },
    "ajv-keywords": {
      "version": "3.5.2",
      "resolved": "https://registry.npm.taobao.org/ajv-keywords/download/ajv-keywords-3.5.2.tgz?cache=0&sync_timestamp=1595908717940&other_urls=https%3A%2F%2Fregistry.npm.taobao.org%2Fajv-keywords%2Fdownload%2Fajv-keywords-3.5.2.tgz",
      "integrity": "sha1-MfKdpatuANHC0yms97WSlhTVAU0=",
      "dev": true
    },
    "buffer-from": {
      "version": "1.1.1",
      "resolved": "https://registry.npm.taobao.org/buffer-from/download/buffer-from-1.1.1.tgz",
      "integrity": "sha1-MnE7wCj3XAL9txDXx7zsHyxgcO8=",
      "dev": true
    },
    "camel-case": {
      "version": "4.1.1",
      "resolved": "https://registry.npm.taobao.org/camel-case/download/camel-case-4.1.1.tgz",
      "integrity": "sha1-H8QchU8A4vfQE53+uhVC1olv5Uc=",
      "dev": true,
      "requires": {
        "pascal-case": "^3.1.1",
        "tslib": "^1.10.0"
      }
    },
    "camelcase": {
      "version": "6.1.0",
      "resolved": "https://registry.npm.taobao.org/camelcase/download/camelcase-6.1.0.tgz?cache=0&sync_timestamp=1602350083472&other_urls=https%3A%2F%2Fregistry.npm.taobao.org%2Fcamelcase%2Fdownload%2Fcamelcase-6.1.0.tgz",
      "integrity": "sha1-J9wXYXNyX7Ct+KSLZH9NeHGUTXg=",
      "dev": true
    },
    "clean-css": {
      "version": "4.2.3",
      "resolved": "https://registry.npm.taobao.org/clean-css/download/clean-css-4.2.3.tgz",
      "integrity": "sha1-UHtd59l7SO5T2ErbAWD/YhY4D3g=",
      "dev": true,
      "requires": {
        "source-map": "~0.6.0"
      }
    },
    "colorette": {
      "version": "1.2.1",
      "resolved": "https://registry.npm.taobao.org/colorette/download/colorette-1.2.1.tgz?cache=0&sync_timestamp=1593955855875&other_urls=https%3A%2F%2Fregistry.npm.taobao.org%2Fcolorette%2Fdownload%2Fcolorette-1.2.1.tgz",
      "integrity": "sha1-TQuSEyXBT6+SYzCGpTbbbolWSxs=",
      "dev": true
    },
    "commander": {
      "version": "4.1.1",
      "resolved": "https://registry.npm.taobao.org/commander/download/commander-4.1.1.tgz?cache=0&sync_timestamp=1598576153505&other_urls=https%3A%2F%2Fregistry.npm.taobao.org%2Fcommander%2Fdownload%2Fcommander-4.1.1.tgz",
      "integrity": "sha1-n9YCvZNilOnp70aj9NaWQESxgGg=",
      "dev": true
    },
    "css-loader": {
      "version": "5.0.0",
      "resolved": "https://registry.npm.taobao.org/css-loader/download/css-loader-5.0.0.tgz?cache=0&sync_timestamp=1602609200442&other_urls=https%3A%2F%2Fregistry.npm.taobao.org%2Fcss-loader%2Fdownload%2Fcss-loader-5.0.0.tgz",
      "integrity": "sha1-8KSN+sw6uZNqBe4WoJ5/MThy4Rc=",
      "dev": true,
      "requires": {
        "camelcase": "^6.1.0",
        "cssesc": "^3.0.0",
        "icss-utils": "^5.0.0",
        "loader-utils": "^2.0.0",
        "postcss": "^8.1.1",
        "postcss-modules-extract-imports": "^3.0.0",
        "postcss-modules-local-by-default": "^4.0.0",
        "postcss-modules-scope": "^3.0.0",
        "postcss-modules-values": "^4.0.0",
        "postcss-value-parser": "^4.1.0",
        "schema-utils": "^3.0.0",
        "semver": "^7.3.2"
      }
    },
    "cssesc": {
      "version": "3.0.0",
      "resolved": "https://registry.npm.taobao.org/cssesc/download/cssesc-3.0.0.tgz",
      "integrity": "sha1-N3QZGZA7hoVl4cCep0dEXNGJg+4=",
      "dev": true
    },
    "dom-serializer": {
      "version": "1.1.0",
      "resolved": "https://registry.npm.taobao.org/dom-serializer/download/dom-serializer-1.1.0.tgz",
      "integrity": "sha1-X3yCjxv8RIh9wqMVq1xFaR1US1g=",
      "dev": true,
      "requires": {
        "domelementtype": "^2.0.1",
        "domhandler": "^3.0.0",
        "entities": "^2.0.0"
      }
    },
    "domelementtype": {
      "version": "2.0.2",
      "resolved": "https://registry.npm.taobao.org/domelementtype/download/domelementtype-2.0.2.tgz?cache=0&sync_timestamp=1600028495728&other_urls=https%3A%2F%2Fregistry.npm.taobao.org%2Fdomelementtype%2Fdownload%2Fdomelementtype-2.0.2.tgz",
      "integrity": "sha1-87blSSAeRvWItZRj3XcYcTH+aXE=",
      "dev": true
    },
    "domhandler": {
      "version": "3.3.0",
      "resolved": "https://registry.npm.taobao.org/domhandler/download/domhandler-3.3.0.tgz",
      "integrity": "sha1-bbfqRuRhfrFc+HXfaLK4UkzgA3o=",
      "dev": true,
      "requires": {
        "domelementtype": "^2.0.1"
      }
    },
    "domutils": {
      "version": "2.4.2",
      "resolved": "https://registry.npm.taobao.org/domutils/download/domutils-2.4.2.tgz",
      "integrity": "sha1-fuW+JhlE4a1IfZqgYWcgAQEjkis=",
      "dev": true,
      "requires": {
        "dom-serializer": "^1.0.1",
        "domelementtype": "^2.0.1",
        "domhandler": "^3.3.0"
      }
    },
    "dot-case": {
      "version": "3.0.3",
      "resolved": "https://registry.npm.taobao.org/dot-case/download/dot-case-3.0.3.tgz",
      "integrity": "sha1-IdO1Lvqroupf2odbsaqBJFIc9Ko=",
      "dev": true,
      "requires": {
        "no-case": "^3.0.3",
        "tslib": "^1.10.0"
      }
    },
    "entities": {
      "version": "2.0.3",
      "resolved": "https://registry.npm.taobao.org/entities/download/entities-2.0.3.tgz",
      "integrity": "sha1-XEh+V0Krk8Fau12iJ1m4WQ7AO38=",
      "dev": true
    },
    "file-loader": {
      "version": "6.1.1",
      "resolved": "https://registry.npm.taobao.org/file-loader/download/file-loader-6.1.1.tgz",
      "integrity": "sha1-pvKd+z9ZM6HDULLbqiCsW+BTm6o=",
      "dev": true,
      "requires": {
        "loader-utils": "^2.0.0",
        "schema-utils": "^3.0.0"
      }
    },
    "he": {
      "version": "1.2.0",
      "resolved": "https://registry.npm.taobao.org/he/download/he-1.2.0.tgz",
      "integrity": "sha1-hK5l+n6vsWX922FWauFLrwVmTw8=",
      "dev": true
    },
    "html-loader": {
      "version": "1.3.2",
      "resolved": "https://registry.npm.taobao.org/html-loader/download/html-loader-1.3.2.tgz?cache=0&sync_timestamp=1602263491843&other_urls=https%3A%2F%2Fregistry.npm.taobao.org%2Fhtml-loader%2Fdownload%2Fhtml-loader-1.3.2.tgz",
      "integrity": "sha1-WnLrukINM3CDSXyaunhmyeGu40A=",
      "dev": true,
      "requires": {
        "html-minifier-terser": "^5.1.1",
        "htmlparser2": "^4.1.0",
        "loader-utils": "^2.0.0",
        "schema-utils": "^3.0.0"
      }
    },
    "html-minifier-terser": {
      "version": "5.1.1",
      "resolved": "https://registry.npm.taobao.org/html-minifier-terser/download/html-minifier-terser-5.1.1.tgz",
      "integrity": "sha1-ki6W8fO7YIMsJjS3mIQJY4mx8FQ=",
      "dev": true,
      "requires": {
        "camel-case": "^4.1.1",
        "clean-css": "^4.2.3",
        "commander": "^4.1.1",
        "he": "^1.2.0",
        "param-case": "^3.0.3",
        "relateurl": "^0.2.7",
        "terser": "^4.6.3"
      }
    },
    "htmlparser2": {
      "version": "4.1.0",
      "resolved": "https://registry.npm.taobao.org/htmlparser2/download/htmlparser2-4.1.0.tgz?cache=0&sync_timestamp=1601761730691&other_urls=https%3A%2F%2Fregistry.npm.taobao.org%2Fhtmlparser2%2Fdownload%2Fhtmlparser2-4.1.0.tgz",
      "integrity": "sha1-mk7xYfLkYl6/ffvmwKL1LRilnng=",
      "dev": true,
      "requires": {
        "domelementtype": "^2.0.1",
        "domhandler": "^3.0.0",
        "domutils": "^2.0.0",
        "entities": "^2.0.0"
      }
    },
    "icss-utils": {
      "version": "5.0.0",
      "resolved": "https://registry.npm.taobao.org/icss-utils/download/icss-utils-5.0.0.tgz?cache=0&sync_timestamp=1602526927264&other_urls=https%3A%2F%2Fregistry.npm.taobao.org%2Ficss-utils%2Fdownload%2Ficss-utils-5.0.0.tgz",
      "integrity": "sha1-A+1Ww6zNMvnKrxdS6/ZO8SNHu4Q=",
      "dev": true
    },
    "indexes-of": {
      "version": "1.0.1",
      "resolved": "https://registry.npm.taobao.org/indexes-of/download/indexes-of-1.0.1.tgz",
      "integrity": "sha1-8w9xbI4r00bHtn0985FVZqfAVgc=",
      "dev": true
    },
    "isarray": {
      "version": "1.0.0",
      "resolved": "https://registry.npm.taobao.org/isarray/download/isarray-1.0.0.tgz",
      "integrity": "sha1-u5NdSFgsuhaMBoNJV6VKPgcSTxE=",
      "dev": true
    },
    "isobject": {
      "version": "2.1.0",
      "resolved": "https://registry.npm.taobao.org/isobject/download/isobject-2.1.0.tgz",
      "integrity": "sha1-8GVWEJaj8dou9GJy+BXIQNh+DIk=",
      "dev": true,
      "requires": {
        "isarray": "1.0.0"
      }
    },
    "json5": {
      "version": "2.1.3",
      "resolved": "https://registry.npm.taobao.org/json5/download/json5-2.1.3.tgz",
      "integrity": "sha1-ybD3+pIzv+WAf+ZvzzpWF+1ZfUM=",
      "dev": true,
      "requires": {
        "minimist": "^1.2.5"
      },
      "dependencies": {
        "minimist": {
          "version": "1.2.5",
          "resolved": "https://registry.npm.taobao.org/minimist/download/minimist-1.2.5.tgz",
          "integrity": "sha1-Z9ZgFLZqaoqqDAg8X9WN9OTpdgI=",
          "dev": true
        }
      }
    },
    "klona": {
      "version": "2.0.4",
      "resolved": "https://registry.npm.taobao.org/klona/download/klona-2.0.4.tgz?cache=0&sync_timestamp=1600226616064&other_urls=https%3A%2F%2Fregistry.npm.taobao.org%2Fklona%2Fdownload%2Fklona-2.0.4.tgz",
      "integrity": "sha1-e7Hjr/sMuGJFR+9+j2cI6i4538A=",
      "dev": true
    },
    "less-loader": {
      "version": "7.0.2",
      "resolved": "https://registry.npm.taobao.org/less-loader/download/less-loader-7.0.2.tgz?cache=0&sync_timestamp=1602250128071&other_urls=https%3A%2F%2Fregistry.npm.taobao.org%2Fless-loader%2Fdownload%2Fless-loader-7.0.2.tgz",
      "integrity": "sha1-DXOknsMqnT/xJhRZjm4rR/sqNcQ=",
      "dev": true,
      "requires": {
        "klona": "^2.0.4",
        "loader-utils": "^2.0.0",
        "schema-utils": "^3.0.0"
      }
    },
    "line-column": {
      "version": "1.0.2",
      "resolved": "https://registry.npm.taobao.org/line-column/download/line-column-1.0.2.tgz",
      "integrity": "sha1-0lryk2tvSEkXKzEuR5LR2Ye8NKI=",
      "dev": true,
      "requires": {
        "isarray": "^1.0.0",
        "isobject": "^2.0.0"
      }
    },
    "loader-runner": {
      "version": "4.1.0",
      "resolved": "https://registry.npm.taobao.org/loader-runner/download/loader-runner-4.1.0.tgz?cache=0&sync_timestamp=1601450715716&other_urls=https%3A%2F%2Fregistry.npm.taobao.org%2Floader-runner%2Fdownload%2Floader-runner-4.1.0.tgz",
      "integrity": "sha1-9wvAwp7bq98gQ+fuc8zD/hyWtC0=",
      "dev": true
    },
    "loader-utils": {
      "version": "2.0.0",
      "resolved": "https://registry.npm.taobao.org/loader-utils/download/loader-utils-2.0.0.tgz",
      "integrity": "sha1-5MrOW4FtQloWa18JfhDNErNgZLA=",
      "dev": true,
      "requires": {
        "big.js": "^5.2.2",
        "emojis-list": "^3.0.0",
        "json5": "^2.1.2"
      },
      "dependencies": {
        "big.js": {
          "version": "5.2.2",
          "resolved": "https://registry.npm.taobao.org/big.js/download/big.js-5.2.2.tgz",
          "integrity": "sha1-ZfCvOC9Xi83HQr2cKB6cstd2gyg=",
          "dev": true
        },
        "emojis-list": {
          "version": "3.0.0",
          "resolved": "https://registry.npm.taobao.org/emojis-list/download/emojis-list-3.0.0.tgz",
          "integrity": "sha1-VXBmIEatKeLpFucariYKvf9Pang=",
          "dev": true
        }
      }
    },
    "lower-case": {
      "version": "2.0.1",
      "resolved": "https://registry.npm.taobao.org/lower-case/download/lower-case-2.0.1.tgz",
      "integrity": "sha1-Oe6zbjlhFcwF4pQi6uqeaSyUCMc=",
      "dev": true,
      "requires": {
        "tslib": "^1.10.0"
      }
    },
    "mime-db": {
      "version": "1.44.0",
      "resolved": "https://registry.npm.taobao.org/mime-db/download/mime-db-1.44.0.tgz?cache=0&sync_timestamp=1600831210195&other_urls=https%3A%2F%2Fregistry.npm.taobao.org%2Fmime-db%2Fdownload%2Fmime-db-1.44.0.tgz",
      "integrity": "sha1-+hHF6wrKEzS0Izy01S8QxaYnL5I=",
      "dev": true
    },
    "mime-types": {
      "version": "2.1.27",
      "resolved": "https://registry.npm.taobao.org/mime-types/download/mime-types-2.1.27.tgz",
      "integrity": "sha1-R5SfmOJ56lMRn1ci4PNOUpvsAJ8=",
      "dev": true,
      "requires": {
        "mime-db": "1.44.0"
      }
    },
    "nanoid": {
      "version": "3.1.12",
      "resolved": "https://registry.npm.taobao.org/nanoid/download/nanoid-3.1.12.tgz",
      "integrity": "sha1-b3c2xi6NOUIWAeSgx3YjqX6mllQ=",
      "dev": true
    },
    "neo-async": {
      "version": "2.6.2",
      "resolved": "https://registry.npm.taobao.org/neo-async/download/neo-async-2.6.2.tgz?cache=0&sync_timestamp=1594317447342&other_urls=https%3A%2F%2Fregistry.npm.taobao.org%2Fneo-async%2Fdownload%2Fneo-async-2.6.2.tgz",
      "integrity": "sha1-tKr7k+OustgXTKU88WOrfXMIMF8=",
      "dev": true
    },
    "no-case": {
      "version": "3.0.3",
      "resolved": "https://registry.npm.taobao.org/no-case/download/no-case-3.0.3.tgz",
      "integrity": "sha1-whtDTB/+SLOQh+hs+00lgunfGPg=",
      "dev": true,
      "requires": {
        "lower-case": "^2.0.1",
        "tslib": "^1.10.0"
      }
    },
    "param-case": {
      "version": "3.0.3",
      "resolved": "https://registry.npm.taobao.org/param-case/download/param-case-3.0.3.tgz",
      "integrity": "sha1-S+Qfg5nv9iHFbuu4KaXkUdmAEjg=",
      "dev": true,
      "requires": {
        "dot-case": "^3.0.3",
        "tslib": "^1.10.0"
      }
    },
    "pascal-case": {
      "version": "3.1.1",
      "resolved": "https://registry.npm.taobao.org/pascal-case/download/pascal-case-3.1.1.tgz",
      "integrity": "sha1-WsGXUTPtYZKB6Ikglz0s0fJ53l8=",
      "dev": true,
      "requires": {
        "no-case": "^3.0.3",
        "tslib": "^1.10.0"
      }
    },
    "postcss": {
      "version": "8.1.1",
      "resolved": "https://registry.npm.taobao.org/postcss/download/postcss-8.1.1.tgz?cache=0&sync_timestamp=1601330112363&other_urls=https%3A%2F%2Fregistry.npm.taobao.org%2Fpostcss%2Fdownload%2Fpostcss-8.1.1.tgz",
      "integrity": "sha1-w6KH3RDk9shMs3kQUrlqXYWck4k=",
      "dev": true,
      "requires": {
        "colorette": "^1.2.1",
        "line-column": "^1.0.2",
        "nanoid": "^3.1.12",
        "source-map": "^0.6.1"
      }
    },
    "postcss-modules-extract-imports": {
      "version": "3.0.0",
      "resolved": "https://registry.npm.taobao.org/postcss-modules-extract-imports/download/postcss-modules-extract-imports-3.0.0.tgz?cache=0&sync_timestamp=1602588267459&other_urls=https%3A%2F%2Fregistry.npm.taobao.org%2Fpostcss-modules-extract-imports%2Fdownload%2Fpostcss-modules-extract-imports-3.0.0.tgz",
      "integrity": "sha1-zaHwR8CugMl9vijD52pDuIAldB0=",
      "dev": true
    },
    "postcss-modules-local-by-default": {
      "version": "4.0.0",
      "resolved": "https://registry.npm.taobao.org/postcss-modules-local-by-default/download/postcss-modules-local-by-default-4.0.0.tgz?cache=0&sync_timestamp=1602587535302&other_urls=https%3A%2F%2Fregistry.npm.taobao.org%2Fpostcss-modules-local-by-default%2Fdownload%2Fpostcss-modules-local-by-default-4.0.0.tgz",
      "integrity": "sha1-67tU+uFZjuz99pGgKz/zs5ClpRw=",
      "dev": true,
      "requires": {
        "icss-utils": "^5.0.0",
        "postcss-selector-parser": "^6.0.2",
        "postcss-value-parser": "^4.1.0"
      }
    },
    "postcss-modules-scope": {
      "version": "3.0.0",
      "resolved": "https://registry.npm.taobao.org/postcss-modules-scope/download/postcss-modules-scope-3.0.0.tgz?cache=0&sync_timestamp=1602593203693&other_urls=https%3A%2F%2Fregistry.npm.taobao.org%2Fpostcss-modules-scope%2Fdownload%2Fpostcss-modules-scope-3.0.0.tgz",
      "integrity": "sha1-nvMVFFbTu/oSDKRImN/Kby+gHwY=",
      "dev": true,
      "requires": {
        "postcss-selector-parser": "^6.0.4"
      }
    },
    "postcss-modules-values": {
      "version": "4.0.0",
      "resolved": "https://registry.npm.taobao.org/postcss-modules-values/download/postcss-modules-values-4.0.0.tgz?cache=0&sync_timestamp=1602586308035&other_urls=https%3A%2F%2Fregistry.npm.taobao.org%2Fpostcss-modules-values%2Fdownload%2Fpostcss-modules-values-4.0.0.tgz",
      "integrity": "sha1-18Xn5ow7s8myfL9Iyguz/7RgLJw=",
      "dev": true,
      "requires": {
        "icss-utils": "^5.0.0"
      }
    },
    "postcss-selector-parser": {
      "version": "6.0.4",
      "resolved": "https://registry.npm.taobao.org/postcss-selector-parser/download/postcss-selector-parser-6.0.4.tgz?cache=0&sync_timestamp=1601045316432&other_urls=https%3A%2F%2Fregistry.npm.taobao.org%2Fpostcss-selector-parser%2Fdownload%2Fpostcss-selector-parser-6.0.4.tgz",
      "integrity": "sha1-VgdaE4CgRgTDiwY+p3Z6Epr1wrM=",
      "dev": true,
      "requires": {
        "cssesc": "^3.0.0",
        "indexes-of": "^1.0.1",
        "uniq": "^1.0.1",
        "util-deprecate": "^1.0.2"
      },
      "dependencies": {
        "util-deprecate": {
          "version": "1.0.2",
          "resolved": "https://registry.npm.taobao.org/util-deprecate/download/util-deprecate-1.0.2.tgz",
          "integrity": "sha1-RQ1Nyfpw3nMnYvvS1KKJgUGaDM8=",
          "dev": true
        }
      }
    },
    "postcss-value-parser": {
      "version": "4.1.0",
      "resolved": "https://registry.npm.taobao.org/postcss-value-parser/download/postcss-value-parser-4.1.0.tgz",
      "integrity": "sha1-RD9qIM7WSBor2k+oUypuVdeJoss=",
      "dev": true
    },
    "punycode": {
      "version": "2.1.1",
      "resolved": "https://registry.npm.taobao.org/punycode/download/punycode-2.1.1.tgz",
      "integrity": "sha1-tYsBCsQMIsVldhbI0sLALHv0eew=",
      "dev": true
    },
    "relateurl": {
      "version": "0.2.7",
      "resolved": "https://registry.npm.taobao.org/relateurl/download/relateurl-0.2.7.tgz",
      "integrity": "sha1-VNvzd+UUQKypCkzSdGANP/LYiKk=",
      "dev": true
    },
    "schema-utils": {
      "version": "3.0.0",
      "resolved": "https://registry.npm.taobao.org/schema-utils/download/schema-utils-3.0.0.tgz",
      "integrity": "sha1-Z1AvaqK2ai1AMrQnmilEl4oJE+8=",
      "dev": true,
      "requires": {
        "@types/json-schema": "^7.0.6",
        "ajv": "^6.12.5",
        "ajv-keywords": "^3.5.2"
      }
    },
    "semver": {
      "version": "7.3.2",
      "resolved": "https://registry.npm.taobao.org/semver/download/semver-7.3.2.tgz",
      "integrity": "sha1-YElisFK4HtB4aq6EOJ/7pw/9OTg=",
      "dev": true
    },
    "source-map": {
      "version": "0.6.1",
      "resolved": "https://registry.npm.taobao.org/source-map/download/source-map-0.6.1.tgz",
      "integrity": "sha1-dHIq8y6WFOnCh6jQu95IteLxomM=",
      "dev": true
    },
    "source-map-support": {
      "version": "0.5.19",
      "resolved": "https://registry.npm.taobao.org/source-map-support/download/source-map-support-0.5.19.tgz?cache=0&sync_timestamp=1591174993503&other_urls=https%3A%2F%2Fregistry.npm.taobao.org%2Fsource-map-support%2Fdownload%2Fsource-map-support-0.5.19.tgz",
      "integrity": "sha1-qYti+G3K9PZzmWSMCFKRq56P7WE=",
      "dev": true,
      "requires": {
        "buffer-from": "^1.0.0",
        "source-map": "^0.6.0"
      }
    },
    "style-loader": {
      "version": "2.0.0",
      "resolved": "https://registry.npm.taobao.org/style-loader/download/style-loader-2.0.0.tgz?cache=0&sync_timestamp=1602248048594&other_urls=https%3A%2F%2Fregistry.npm.taobao.org%2Fstyle-loader%2Fdownload%2Fstyle-loader-2.0.0.tgz",
      "integrity": "sha1-lmlgL9RpB0DqrsE3eZoDrdu8OTw=",
      "dev": true,
      "requires": {
        "loader-utils": "^2.0.0",
        "schema-utils": "^3.0.0"
      }
    },
    "terser": {
      "version": "4.8.0",
      "resolved": "https://registry.npm.taobao.org/terser/download/terser-4.8.0.tgz",
      "integrity": "sha1-YwVjQ9fHC7KfOvZlhlpG/gOg3xc=",
      "dev": true,
      "requires": {
        "commander": "^2.20.0",
        "source-map": "~0.6.1",
        "source-map-support": "~0.5.12"
      },
      "dependencies": {
        "commander": {
          "version": "2.20.3",
          "resolved": "https://registry.npm.taobao.org/commander/download/commander-2.20.3.tgz?cache=0&sync_timestamp=1598576153505&other_urls=https%3A%2F%2Fregistry.npm.taobao.org%2Fcommander%2Fdownload%2Fcommander-2.20.3.tgz",
          "integrity": "sha1-/UhehMA+tIgcIHIrpIA16FMa6zM=",
          "dev": true
        }
      }
    },
    "thread-loader": {
      "version": "3.0.0",
      "resolved": "https://registry.npm.taobao.org/thread-loader/download/thread-loader-3.0.0.tgz?cache=0&sync_timestamp=1599928601406&other_urls=https%3A%2F%2Fregistry.npm.taobao.org%2Fthread-loader%2Fdownload%2Fthread-loader-3.0.0.tgz",
      "integrity": "sha1-N1Fw/3OpZdiUuKHg/VUas+56OeY=",
      "dev": true,
      "requires": {
        "loader-runner": "^4.0.0",
        "loader-utils": "^2.0.0",
        "neo-async": "^2.6.2"
      }
    },
    "tslib": {
      "version": "1.14.1",
      "resolved": "https://registry.npm.taobao.org/tslib/download/tslib-1.14.1.tgz",
      "integrity": "sha1-zy04vcNKE0vK8QkcQfZhni9nLQA=",
      "dev": true
    },
    "uniq": {
      "version": "1.0.1",
      "resolved": "https://registry.npm.taobao.org/uniq/download/uniq-1.0.1.tgz",
      "integrity": "sha1-sxxa6CVIRKOoKBVBzisEuGWnNP8=",
      "dev": true
    },
    "url-loader": {
      "version": "4.1.1",
      "resolved": "https://registry.npm.taobao.org/url-loader/download/url-loader-4.1.1.tgz?cache=0&sync_timestamp=1602252626029&other_urls=https%3A%2F%2Fregistry.npm.taobao.org%2Furl-loader%2Fdownload%2Furl-loader-4.1.1.tgz",
      "integrity": "sha1-KFBekFyuFYzwfJLKYi1/I35wpOI=",
      "dev": true,
      "requires": {
        "loader-utils": "^2.0.0",
        "mime-types": "^2.1.27",
        "schema-utils": "^3.0.0"
      }
    }
  }
}
